
Microsoft Visual Studio Solution File, Format Version 12.00
# Visual Studio Version 17
VisualStudioVersion = 17.11.35222.181
MinimumVisualStudioVersion = 10.0.40219.1
Project("{8BC9CEB8-8B4A-11D0-8D11-00A0C91BC942}") = "LEARNIING9", "LEARNIING9.vcxproj", "{D3F1650D-30D2-47D3-96BA-260F8E52AC65}"
EndProject
Global
	GlobalSection(SolutionConfigurationPlatforms) = preSolution
		Debug|x64 = Debug|x64
		Debug|x86 = Debug|x86
		Release|x64 = Release|x64
		Release|x86 = Release|x86
	EndGlobalSection
	GlobalSection(ProjectConfigurationPlatforms) = postSolution
		{D3F1650D-30D2-47D3-96BA-260F8E52AC65}.Debug|x64.ActiveCfg = Debug|x64
		{D3F1650D-30D2-47D3-96BA-260F8E52AC65}.Debug|x64.Build.0 = Debug|x64
		{D3F1650D-30D2-47D3-96BA-260F8E52AC65}.Debug|x86.ActiveCfg = Debug|Win32
		{D3F1650D-30D2-47D3-96BA-260F8E52AC65}.Debug|x86.Build.0 = Debug|Win32
		{D3F1650D-30D2-47D3-96BA-260F8E52AC65}.Release|x64.ActiveCfg = Release|x64
		{D3F1650D-30D2-47D3-96BA-260F8E52AC65}.Release|x64.Build.0 = Release|x64
		{D3F1650D-30D2-47D3-96BA-260F8E52AC65}.Release|x86.ActiveCfg = Release|Win32
		{D3F1650D-30D2-47D3-96BA-260F8E52AC65}.Release|x86.Build.0 = Release|Win32
	EndGlobalSection
	GlobalSection(SolutionProperties) = preSolution
		HideSolutionNode = FALSE
	EndGlobalSection
	GlobalSection(ExtensibilityGlobals) = postSolution
		SolutionGuid = {55B31024-46DE-427B-98B7-41DF555E14C8}
	EndGlobalSection
EndGlobal
